{
  "schema": "urn:board:fetch-lock:1",
  "description": "Files the package needs but does not keep in git (large or third-party). Each is fetched from a pinned URL and checked against sha256. Checksums are advisory: a tool may warn on a mismatch but must let the user proceed.",
  "entries": [
    {
      "name": "recovery.bin",
      "dest": "eeprom/recovery.bin",
      "role": "recovery",
      "source": "raspberrypi/rpi-eeprom v2025.12.08-2712 (cb1a22e), firmware-2712/latest/recovery.bin",
      "url": "https://raw.githubusercontent.com/raspberrypi/rpi-eeprom/cb1a22eff0b15b15a686318a885d1f1a2563ff6f/firmware-2712/latest/recovery.bin",
      "sha256": "ad66b2960559c1bad92687f915bd9d993017f5a2ee7d7495ba866776ad6f1d3d",
      "vendored": true,
      "note": "Also kept in git at eeprom/recovery.bin; the URL and digest record where it came from."
    }
  ]
}
